// !$*UTF8*$!
{
	archiveVersion = 1;
	classes = {
	};
	objectVersion = 46;
	objects = {

/* Begin PBXBuildFile section */
		D0945B6E1C87499E00B1F753 /* AppDelegate.swift in Sources */ = {isa = PBXBuildFile; fileRef = D0945B6D1C87499E00B1F753 /* AppDelegate.swift */; };
		D0945B701C87499E00B1F753 /* ViewController.swift in Sources */ = {isa = PBXBuildFile; fileRef = D0945B6F1C87499E00B1F753 /* ViewController.swift */; };
		D0945B731C87499E00B1F753 /* Main.storyboard in Resources */ = {isa = PBXBuildFile; fileRef = D0945B711C87499E00B1F753 /* Main.storyboard */; };
		D0945B751C87499E00B1F753 /* Assets.xcassets in Resources */ = {isa = PBXBuildFile; fileRef = D0945B741C87499E00B1F753 /* Assets.xcassets */; };
		D0945B781C87499E00B1F753 /* LaunchScreen.storyboard in Resources */ = {isa = PBXBuildFile; fileRef = D0945B761C87499E00B1F753 /* LaunchScreen.storyboard */; };
		D0945B801C874B7200B1F753 /* ViewController2.swift in Sources */ = {isa = PBXBuildFile; fileRef = D0945B7F1C874B7200B1F753 /* ViewController2.swift */; };
		D0B8DF971C88C17A00F6F607 /* Quiz.swift in Sources */ = {isa = PBXBuildFile; fileRef = D0B8DF961C88C17A00F6F607 /* Quiz.swift */; };
		D0B8DF991C88C1C900F6F607 /* Question.swift in Sources */ = {isa = PBXBuildFile; fileRef = D0B8DF981C88C1C900F6F607 /* Question.swift */; };
		D0B8DF9B1C88C4A600F6F607 /* Answer.swift in Sources */ = {isa = PBXBuildFile; fileRef = D0B8DF9A1C88C4A600F6F607 /* Answer.swift */; };
/* End PBXBuildFile section */

/* Begin PBXFileReference section */
		D0945B6A1C87499E00B1F753 /* Quiz.app */ = {isa = PBXFileReference; explicitFileType = wrapper.application; includeInIndex = 0; path = Quiz.app; sourceTree = BUILT_PRODUCTS_DIR; };
		D0945B6D1C87499E00B1F753 /* AppDelegate.swift */ = {isa = PBXFileReference; lastKnownFileType = sourcecode.swift; path = AppDelegate.swift; sourceTree = "<group>"; };
		D0945B6F1C87499E00B1F753 /* ViewController.swift */ = {isa = PBXFileReference; lastKnownFileType = sourcecode.swift; path = ViewController.swift; sourceTree = "<group>"; };
		D0945B721C87499E00B1F753 /* Base */ = {isa = PBXFileReference; lastKnownFileType = file.storyboard; name = Base; path = Base.lproj/Main.storyboard; sourceTree = "<group>"; };
		D0945B741C87499E00B1F753 /* Assets.xcassets */ = {isa = PBXFileReference; lastKnownFileType = folder.assetcatalog; path = Assets.xcassets; sourceTree = "<group>"; };
		D0945B771C87499E00B1F753 /* Base */ = {isa = PBXFileReference; lastKnownFileType = file.storyboard; name = Base; path = Base.lproj/LaunchScreen.storyboard; sourceTree = "<group>"; };
		D0945B791C87499E00B1F753 /* Info.plist */ = {isa = PBXFileReference; lastKnownFileType = text.plist.xml; path = Info.plist; sourceTree = "<group>"; };
		D0945B7F1C874B7200B1F753 /* ViewController2.swift */ = {isa = PBXFileReference; fileEncoding = 4; lastKnownFileType = sourcecode.swift; path = ViewController2.swift; sourceTree = "<group>"; };
		D0B8DF961C88C17A00F6F607 /* Quiz.swift */ = {isa = PBXFileReference; fileEncoding = 4; lastKnownFileType = sourcecode.swift; path = Quiz.swift; sourceTree = "<group>"; };
		D0B8DF981C88C1C900F6F607 /* Question.swift */ = {isa = PBXFileReference; fileEncoding = 4; lastKnownFileType = sourcecode.swift; path = Question.swift; sourceTree = "<group>"; };
		D0B8DF9A1C88C4A600F6F607 /* Answer.swift */ = {isa = PBXFileReference; fileEncoding = 4; lastKnownFileType = sourcecode.swift; path = Answer.swift; sourceTree = "<group>"; };
/* End PBXFileReference section */

/* Begin PBXFrameworksBuildPhase section */
		D0945B671C87499E00B1F753 /* Frameworks */ = {
			isa = PBXFrameworksBuildPhase;
			buildActionMask = 2147483647;
			files = (
			);
			runOnlyForDeploymentPostprocessing = 0;
		};
/* End PBXFrameworksBuildPhase section */

/* Begin PBXGroup section */
		D0945B611C87499E00B1F753 = {
			isa = PBXGroup;
			children = (
				D0945B6C1C87499E00B1F753 /* Quiz */,
				D0945B6B1C87499E00B1F753 /* Products */,
			);
			sourceTree = "<group>";
		};
		D0945B6B1C87499E00B1F753 /* Products */ = {
			isa = PBXGroup;
			children = (
				D0945B6A1C87499E00B1F753 /* Quiz.app */,
			);
			name = Products;
			sourceTree = "<group>";
		};
		D0945B6C1C87499E00B1F753 /* Quiz */ = {
			isa = PBXGroup;
			children = (
				D0945B6D1C87499E00B1F753 /* AppDelegate.swift */,
				D0945B6F1C87499E00B1F753 /* ViewController.swift */,
				D0945B711C87499E00B1F753 /* Main.storyboard */,
				D0945B741C87499E00B1F753 /* Assets.xcassets */,
				D0945B761C87499E00B1F753 /* LaunchScreen.storyboard */,
				D0945B791C87499E00B1F753 /* Info.plist */,
				D0945B7F1C874B7200B1F753 /* ViewController2.swift */,
				D0B8DF961C88C17A00F6F607 /* Quiz.swift */,
				D0B8DF981C88C1C900F6F607 /* Question.swift */,
				D0B8DF9A1C88C4A600F6F607 /* Answer.swift */,
			);
			path = Quiz;
			sourceTree = "<group>";
		};
/* End PBXGroup section */

/* Begin PBXNativeTarget section */
		D0945B691C87499E00B1F753 /* Quiz */ = {
			isa = PBXNativeTarget;
			buildConfigurationList = D0945B7C1C87499E00B1F753 /* Build configuration list for PBXNativeTarget "Quiz" */;
			buildPhases = (
				D0945B661C87499E00B1F753 /* Sources */,
				D0945B671C87499E00B1F753 /* Frameworks */,
				D0945B681C87499E00B1F753 /* Resources */,
			);
			buildRules = (
			);
			dependencies = (
			);
			name = Quiz;
			productName = Quiz;
			productReference = D0945B6A1C87499E00B1F753 /* Quiz.app */;
			productType = "com.apple.product-type.application";
		};
/* End PBXNativeTarget section */

/* Begin PBXProject section */
		D0945B621C87499E00B1F753 /* Project object */ = {
			isa = PBXProject;
			attributes = {
				LastSwiftUpdateCheck = 0720;
				LastUpgradeCheck = 0720;
				ORGANIZATIONNAME = "Carl Lundstedt";
				TargetAttributes = {
					D0945B691C87499E00B1F753 = {
						CreatedOnToolsVersion = 7.2;
					};
				};
			};
			buildConfigurationList = D0945B651C87499E00B1F753 /* Build configuration list for PBXProject "Quiz" */;
			compatibilityVersion = "Xcode 3.2";
			developmentRegion = English;
			hasScannedForEncodings = 0;
			knownRegions = (
				en,
				Base,
			);
			mainGroup = D0945B611C87499E00B1F753;
			productRefGroup = D0945B6B1C87499E00B1F753 /* Products */;
			projectDirPath = "";
			projectRoot = "";
			targets = (
				D0945B691C87499E00B1F753 /* Quiz */,
			);
		};
/* End PBXProject section */

/* Begin PBXResourcesBuildPhase section */
		D0945B681C87499E00B1F753 /* Resources */ = {
			isa = PBXResourcesBuildPhase;
			buildActionMask = 2147483647;
			files = (
				D0945B781C87499E00B1F753 /* LaunchScreen.storyboard in Resources */,
				D0945B751C87499E00B1F753 /* Assets.xcassets in Resources */,
				D0945B731C87499E00B1F753 /* Main.storyboard in Resources */,
			);
			runOnlyForDeploymentPostprocessing = 0;
		};
/* End PBXResourcesBuildPhase section */

/* Begin PBXSourcesBuildPhase section */
		D0945B661C87499E00B1F753 /* Sources */ = {
			isa = PBXSourcesBuildPhase;
			buildActionMask = 2147483647;
			files = (
				D0B8DF991C88C1C900F6F607 /* Question.swift in Sources */,
				D0945B701C87499E00B1F753 /* ViewController.swift in Sources */,
				D0945B6E1C87499E00B1F753 /* AppDelegate.swift in Sources */,
				D0B8DF9B1C88C4A600F6F607 /* Answer.swift in Sources */,
				D0B8DF971C88C17A00F6F607 /* Quiz.swift in Sources */,
				D0945B801C874B7200B1F753 /* ViewController2.swift in Sources */,
			);
			runOnlyForDeploymentPostprocessing = 0;
		};
/* End PBXSourcesBuildPhase section */

/* Begin PBXVariantGroup section */
		D0945B711C87499E00B1F753 /* Main.storyboard */ = {
			isa = PBXVariantGroup;
			children = (
				D0945B721C87499E00B1F753 /* Base */,
			);
			name = Main.storyboard;
			sourceTree = "<group>";
		};
		D0945B761C87499E00B1F753 /* LaunchScreen.storyboard */ = {
			isa = PBXVariantGroup;
			children = (
				D0945B771C87499E00B1F753 /* Base */,
			);
			name = LaunchScreen.storyboard;
			sourceTree = "<group>";
		};
/* End PBXVariantGroup section */

/* Begin XCBuildConfiguration section */
		D0945B7A1C87499E00B1F753 /* Debug */ = {
			isa = XCBuildConfiguration;
			buildSettings = {
				ALWAYS_SEARCH_USER_PATHS = NO;
				CLANG_CXX_LANGUAGE_STANDARD = "gnu++0x";
				CLANG_CXX_LIBRARY = "libc++";
				CLANG_ENABLE_MODULES = YES;
				CLANG_ENABLE_OBJC_ARC = YES;
				CLANG_WARN_BOOL_CONVERSION = YES;
				CLANG_WARN_CONSTANT_CONVERSION = YES;
				CLANG_WARN_DIRECT_OBJC_ISA_USAGE = YES_ERROR;
				CLANG_WARN_EMPTY_BODY = YES;
				CLANG_WARN_ENUM_CONVERSION = YES;
				CLANG_WARN_INT_CONVERSION = YES;
				CLANG_WARN_OBJC_ROOT_CLASS = YES_ERROR;
				CLANG_WARN_UNREACHABLE_CODE = YES;
				CLANG_WARN__DUPLICATE_METHOD_MATCH = YES;
				"CODE_SIGN_IDENTITY[sdk=iphoneos*]" = "iPhone Developer";
				COPY_PHASE_STRIP = NO;
				DEBUG_INFORMATION_FORMAT = dwarf;
				ENABLE_STRICT_OBJC_MSGSEND = YES;
				ENABLE_TESTABILITY = YES;
				GCC_C_LANGUAGE_STANDARD = gnu99;
				GCC_DYNAMIC_NO_PIC = NO;
				GCC_NO_COMMON_BLOCKS = YES;
				GCC_OPTIMIZATION_LEVEL = 0;
				GCC_PREPROCESSOR_DEFINITIONS = (
					"DEBUG=1",
					"$(inherited)",
				);
				GCC_WARN_64_TO_32_BIT_CONVERSION = YES;
				GCC_WARN_ABOUT_RETURN_TYPE = YES_ERROR;
				GCC_WARN_UNDECLARED_SELECTOR = YES;
				GCC_WARN_UNINITIALIZED_AUTOS = YES_AGGRESSIVE;
				GCC_WARN_UNUSED_FUNCTION = YES;
				GCC_WARN_UNUSED_VARIABLE = YES;
				IPHONEOS_DEPLOYMENT_TARGET = 9.2;
				MTL_ENABLE_DEBUG_INFO = YES;
				ONLY_ACTIVE_ARCH = YES;
				SDKROOT = iphoneos;
				SWIFT_OPTIMIZATION_LEVEL = "-Onone";
			};
			name = Debug;
		};
		D0945B7B1C87499E00B1F753 /* Release */ = {
			isa = XCBuildConfiguration;
			buildSettings = {
				ALWAYS_SEARCH_USER_PATHS = NO;
				CLANG_CXX_LANGUAGE_STANDARD = "gnu++0x";
				CLANG_CXX_LIBRARY = "libc++";
				CLANG_ENABLE_MODULES = YES;
				CLANG_ENABLE_OBJC_ARC = YES;
				CLANG_WARN_BOOL_CONVERSION = YES;
				CLANG_WARN_CONSTANT_CONVERSION = YES;
				CLANG_WARN_DIRECT_OBJC_ISA_USAGE = YES_ERROR;
				CLANG_WARN_EMPTY_BODY = YES;
				CLANG_WARN_ENUM_CONVERSION = YES;
				CLANG_WARN_INT_CONVERSION = YES;
				CLANG_WARN_OBJC_ROOT_CLASS = YES_ERROR;
				CLANG_WARN_UNREACHABLE_CODE = YES;
				CLANG_WARN__DUPLICATE_METHOD_MATCH = YES;
				"CODE_SIGN_IDENTITY[sdk=iphoneos*]" = "iPhone Developer";
				COPY_PHASE_STRIP = NO;
				DEBUG_INFORMATION_FORMAT = "dwarf-with-dsym";
				ENABLE_NS_ASSERTIONS = NO;
				ENABLE_STRICT_OBJC_MSGSEND = YES;
				GCC_C_LANGUAGE_STANDARD = gnu99;
				GCC_NO_COMMON_BLOCKS = YES;
				GCC_WARN_64_TO_32_BIT_CONVERSION = YES;
				GCC_WARN_ABOUT_RETURN_TYPE = YES_ERROR;
				GCC_WARN_UNDECLARED_SELECTOR = YES;
				GCC_WARN_UNINITIALIZED_AUTOS = YES_AGGRESSIVE;
				GCC_WARN_UNUSED_FUNCTION = YES;
				GCC_WARN_UNUSED_VARIABLE = YES;
				IPHONEOS_DEPLOYMENT_TARGET = 9.2;
				MTL_ENABLE_DEBUG_INFO = NO;
				SDKROOT = iphoneos;
				VALIDATE_PRODUCT = YES;
			};
			name = Release;
		};
		D0945B7D1C87499E00B1F753 /* Debug */ = {
			isa = XCBuildConfiguration;
			buildSettings = {
				ASSETCATALOG_COMPILER_APPICON_NAME = AppIcon;
				INFOPLIST_FILE = Quiz/Info.plist;
				LD_RUNPATH_SEARCH_PATHS = "$(inherited) @executable_path/Frameworks";
				PRODUCT_BUNDLE_IDENTIFIER = calle.Quiz;
				PRODUCT_NAME = "$(TARGET_NAME)";
			};
			name = Debug;
		};
		D0945B7E1C87499E00B1F753 /* Release */ = {
			isa = XCBuildConfiguration;
			buildSettings = {
				ASSETCATALOG_COMPILER_APPICON_NAME = AppIcon;
				INFOPLIST_FILE = Quiz/Info.plist;
				LD_RUNPATH_SEARCH_PATHS = "$(inherited) @executable_path/Frameworks";
				PRODUCT_BUNDLE_IDENTIFIER = calle.Quiz;
				PRODUCT_NAME = "$(TARGET_NAME)";
			};
			name = Release;
		};
/* End XCBuildConfiguration section */

/* Begin XCConfigurationList section */
		D0945B651C87499E00B1F753 /* Build configuration list for PBXProject "Quiz" */ = {
			isa = XCConfigurationList;
			buildConfigurations = (
				D0945B7A1C87499E00B1F753 /* Debug */,
				D0945B7B1C87499E00B1F753 /* Release */,
			);
			defaultConfigurationIsVisible = 0;
			defaultConfigurationName = Release;
		};
		D0945B7C1C87499E00B1F753 /* Build configuration list for PBXNativeTarget "Quiz" */ = {
			isa = XCConfigurationList;
			buildConfigurations = (
				D0945B7D1C87499E00B1F753 /* Debug */,
				D0945B7E1C87499E00B1F753 /* Release */,
			);
			defaultConfigurationIsVisible = 0;
			defaultConfigurationName = Release;
		};
/* End XCConfigurationList section */
	};
	rootObject = D0945B621C87499E00B1F753 /* Project object */;
}
